// !$*UTF8*$!
{
	archiveVersion = 1;
	classes = {
	};
	objectVersion = 46;
	objects = {

/* Begin PBXBuildFile section */
		242BE25F1E10C509003EF255 /* AppDelegate.swift in Sources */ = {isa = PBXBuildFile; fileRef = 242BE2471E10C508003EF255 /* AppDelegate.swift */; };
		242BE2601E10C509003EF255 /* Assets.xcassets in Resources */ = {isa = PBXBuildFile; fileRef = 242BE2481E10C508003EF255 /* Assets.xcassets */; };
		242BE2611E10C509003EF255 /* LaunchScreen.storyboard in Resources */ = {isa = PBXBuildFile; fileRef = 242BE2491E10C508003EF255 /* LaunchScreen.storyboard */; };
		242BE2621E10C509003EF255 /* Main.storyboard in Resources */ = {isa = PBXBuildFile; fileRef = 242BE24B1E10C508003EF255 /* Main.storyboard */; };
		242BE2631E10C509003EF255 /* Location.swift in Sources */ = {isa = PBXBuildFile; fileRef = 242BE24E1E10C508003EF255 /* Location.swift */; };
		242BE2651E10C509003EF255 /* Stations.swift in Sources */ = {isa = PBXBuildFile; fileRef = 242BE2521E10C508003EF255 /* Stations.swift */; };
		242BE2661E10C509003EF255 /* StationsAPI.swift in Sources */ = {isa = PBXBuildFile; fileRef = 242BE2531E10C508003EF255 /* StationsAPI.swift */; };
		242BE2671E10C509003EF255 /* StationsMapView.swift in Sources */ = {isa = PBXBuildFile; fileRef = 242BE2551E10C509003EF255 /* StationsMapView.swift */; };
		242BE2681E10C509003EF255 /* StationsView.swift in Sources */ = {isa = PBXBuildFile; fileRef = 242BE2561E10C509003EF255 /* StationsView.swift */; };
		242BE2691E10C509003EF255 /* StationViewCell.swift in Sources */ = {isa = PBXBuildFile; fileRef = 242BE2571E10C509003EF255 /* StationViewCell.swift */; };
		242BE26A1E10C509003EF255 /* StationViewController.swift in Sources */ = {isa = PBXBuildFile; fileRef = 242BE2581E10C509003EF255 /* StationViewController.swift */; };
		594C174B267DA257B679BF24 /* Pods_encicla.framework in Frameworks */ = {isa = PBXBuildFile; fileRef = ABF1B085E352F73806F97C41 /* Pods_encicla.framework */; };
		FC1165FFBB4DE174676DFB89 /* LoadingView.swift in Sources */ = {isa = PBXBuildFile; fileRef = FC1169CB96059AB701234C1E /* LoadingView.swift */; };
		FC116625A82C37334B3C5E0B /* BaseViewController.swift in Sources */ = {isa = PBXBuildFile; fileRef = FC1168F3A5CE27EA0EA26E60 /* BaseViewController.swift */; };
		FC11664566DFFCDACA7FC53D /* style.json in Resources */ = {isa = PBXBuildFile; fileRef = FC1161E78DFE7C3F39204FCF /* style.json */; };
		FC1169447E1C19AB0B97DFF5 /* RouteApi.swift in Sources */ = {isa = PBXBuildFile; fileRef = FC116B5590188E340E9283C4 /* RouteApi.swift */; };
		FC116EE60DC345B3C7CFE405 /* Snackbar.swift in Sources */ = {isa = PBXBuildFile; fileRef = FC1164E6753CF779248219A4 /* Snackbar.swift */; };
/* End PBXBuildFile section */

/* Begin PBXFileReference section */
		0A4F9EB7D01B1756BC6940E5 /* Pods-enciclaUITests.release.xcconfig */ = {isa = PBXFileReference; includeInIndex = 1; lastKnownFileType = text.xcconfig; name = "Pods-enciclaUITests.release.xcconfig"; path = "Pods/Target Support Files/Pods-enciclaUITests/Pods-enciclaUITests.release.xcconfig"; sourceTree = "<group>"; };
		2082D2736DF25114C8D0797D /* Pods_enciclaTests.framework */ = {isa = PBXFileReference; explicitFileType = wrapper.framework; includeInIndex = 0; path = Pods_enciclaTests.framework; sourceTree = BUILT_PRODUCTS_DIR; };
		242BE2471E10C508003EF255 /* AppDelegate.swift */ = {isa = PBXFileReference; fileEncoding = 4; lastKnownFileType = sourcecode.swift; path = AppDelegate.swift; sourceTree = "<group>"; };
		242BE2481E10C508003EF255 /* Assets.xcassets */ = {isa = PBXFileReference; lastKnownFileType = folder.assetcatalog; path = Assets.xcassets; sourceTree = "<group>"; };
		242BE24A1E10C508003EF255 /* Base */ = {isa = PBXFileReference; lastKnownFileType = file.storyboard; name = Base; path = Base.lproj/LaunchScreen.storyboard; sourceTree = "<group>"; };
		242BE24C1E10C508003EF255 /* Base */ = {isa = PBXFileReference; lastKnownFileType = file.storyboard; name = Base; path = Base.lproj/Main.storyboard; sourceTree = "<group>"; };
		242BE24E1E10C508003EF255 /* Location.swift */ = {isa = PBXFileReference; fileEncoding = 4; lastKnownFileType = sourcecode.swift; path = Location.swift; sourceTree = "<group>"; };
		242BE24F1E10C508003EF255 /* Info.plist */ = {isa = PBXFileReference; fileEncoding = 4; lastKnownFileType = text.plist.xml; path = Info.plist; sourceTree = "<group>"; };
		242BE2521E10C508003EF255 /* Stations.swift */ = {isa = PBXFileReference; fileEncoding = 4; lastKnownFileType = sourcecode.swift; path = Stations.swift; sourceTree = "<group>"; };
		242BE2531E10C508003EF255 /* StationsAPI.swift */ = {isa = PBXFileReference; fileEncoding = 4; lastKnownFileType = sourcecode.swift; path = StationsAPI.swift; sourceTree = "<group>"; };
		242BE2551E10C509003EF255 /* StationsMapView.swift */ = {isa = PBXFileReference; fileEncoding = 4; lastKnownFileType = sourcecode.swift; path = StationsMapView.swift; sourceTree = "<group>"; };
		242BE2561E10C509003EF255 /* StationsView.swift */ = {isa = PBXFileReference; fileEncoding = 4; lastKnownFileType = sourcecode.swift; path = StationsView.swift; sourceTree = "<group>"; };
		242BE2571E10C509003EF255 /* StationViewCell.swift */ = {isa = PBXFileReference; fileEncoding = 4; lastKnownFileType = sourcecode.swift; path = StationViewCell.swift; sourceTree = "<group>"; };
		242BE2581E10C509003EF255 /* StationViewController.swift */ = {isa = PBXFileReference; fileEncoding = 4; lastKnownFileType = sourcecode.swift; path = StationViewController.swift; sourceTree = "<group>"; };
		24D2E37A1E074ED500C7B8AF /* encicla.app */ = {isa = PBXFileReference; explicitFileType = wrapper.application; includeInIndex = 0; path = encicla.app; sourceTree = BUILT_PRODUCTS_DIR; };
		42AC624D8CB8811EC771C135 /* Pods-enciclaTests.debug.xcconfig */ = {isa = PBXFileReference; includeInIndex = 1; lastKnownFileType = text.xcconfig; name = "Pods-enciclaTests.debug.xcconfig"; path = "Pods/Target Support Files/Pods-enciclaTests/Pods-enciclaTests.debug.xcconfig"; sourceTree = "<group>"; };
		59080BC1BC3BE3412A05644D /* Pods_enciclaUITests.framework */ = {isa = PBXFileReference; explicitFileType = wrapper.framework; includeInIndex = 0; path = Pods_enciclaUITests.framework; sourceTree = BUILT_PRODUCTS_DIR; };
		6E47E216F30E8B682D2228DE /* Pods-encicla.debug.xcconfig */ = {isa = PBXFileReference; includeInIndex = 1; lastKnownFileType = text.xcconfig; name = "Pods-encicla.debug.xcconfig"; path = "Pods/Target Support Files/Pods-encicla/Pods-encicla.debug.xcconfig"; sourceTree = "<group>"; };
		76AD2EC4E17B754AFFE6FD50 /* Pods-encicla.release.xcconfig */ = {isa = PBXFileReference; includeInIndex = 1; lastKnownFileType = text.xcconfig; name = "Pods-encicla.release.xcconfig"; path = "Pods/Target Support Files/Pods-encicla/Pods-encicla.release.xcconfig"; sourceTree = "<group>"; };
		ABF1B085E352F73806F97C41 /* Pods_encicla.framework */ = {isa = PBXFileReference; explicitFileType = wrapper.framework; includeInIndex = 0; path = Pods_encicla.framework; sourceTree = BUILT_PRODUCTS_DIR; };
		B02F8C0463AE4380D082F6BA /* Pods-enciclaUITests.debug.xcconfig */ = {isa = PBXFileReference; includeInIndex = 1; lastKnownFileType = text.xcconfig; name = "Pods-enciclaUITests.debug.xcconfig"; path = "Pods/Target Support Files/Pods-enciclaUITests/Pods-enciclaUITests.debug.xcconfig"; sourceTree = "<group>"; };
		CFB1192F7EC90DAF11124870 /* Pods-enciclaTests.release.xcconfig */ = {isa = PBXFileReference; includeInIndex = 1; lastKnownFileType = text.xcconfig; name = "Pods-enciclaTests.release.xcconfig"; path = "Pods/Target Support Files/Pods-enciclaTests/Pods-enciclaTests.release.xcconfig"; sourceTree = "<group>"; };
		FC1161E78DFE7C3F39204FCF /* style.json */ = {isa = PBXFileReference; fileEncoding = 4; lastKnownFileType = text.json; path = style.json; sourceTree = "<group>"; };
		FC1164E6753CF779248219A4 /* Snackbar.swift */ = {isa = PBXFileReference; fileEncoding = 4; lastKnownFileType = sourcecode.swift; path = Snackbar.swift; sourceTree = "<group>"; };
		FC1168F3A5CE27EA0EA26E60 /* BaseViewController.swift */ = {isa = PBXFileReference; fileEncoding = 4; lastKnownFileType = sourcecode.swift; path = BaseViewController.swift; sourceTree = "<group>"; };
		FC1169CB96059AB701234C1E /* LoadingView.swift */ = {isa = PBXFileReference; fileEncoding = 4; lastKnownFileType = sourcecode.swift; path = LoadingView.swift; sourceTree = "<group>"; };
		FC116B5590188E340E9283C4 /* RouteApi.swift */ = {isa = PBXFileReference; fileEncoding = 4; lastKnownFileType = sourcecode.swift; path = RouteApi.swift; sourceTree = "<group>"; };
/* End PBXFileReference section */

/* Begin PBXFrameworksBuildPhase section */
		24D2E3771E074ED500C7B8AF /* Frameworks */ = {
			isa = PBXFrameworksBuildPhase;
			buildActionMask = 2147483647;
			files = (
				594C174B267DA257B679BF24 /* Pods_encicla.framework in Frameworks */,
			);
			runOnlyForDeploymentPostprocessing = 0;
		};
/* End PBXFrameworksBuildPhase section */

/* Begin PBXGroup section */
		0769667B039511974C853503 /* Pods */ = {
			isa = PBXGroup;
			children = (
				6E47E216F30E8B682D2228DE /* Pods-encicla.debug.xcconfig */,
				76AD2EC4E17B754AFFE6FD50 /* Pods-encicla.release.xcconfig */,
				42AC624D8CB8811EC771C135 /* Pods-enciclaTests.debug.xcconfig */,
				CFB1192F7EC90DAF11124870 /* Pods-enciclaTests.release.xcconfig */,
				B02F8C0463AE4380D082F6BA /* Pods-enciclaUITests.debug.xcconfig */,
				0A4F9EB7D01B1756BC6940E5 /* Pods-enciclaUITests.release.xcconfig */,
			);
			name = Pods;
			sourceTree = "<group>";
		};
		19E782960F5978AC4F9E0551 /* Frameworks */ = {
			isa = PBXGroup;
			children = (
				ABF1B085E352F73806F97C41 /* Pods_encicla.framework */,
				2082D2736DF25114C8D0797D /* Pods_enciclaTests.framework */,
				59080BC1BC3BE3412A05644D /* Pods_enciclaUITests.framework */,
			);
			name = Frameworks;
			sourceTree = "<group>";
		};
		242BE2461E10C508003EF255 /* encicla */ = {
			isa = PBXGroup;
			children = (
				242BE2471E10C508003EF255 /* AppDelegate.swift */,
				242BE2481E10C508003EF255 /* Assets.xcassets */,
				242BE2491E10C508003EF255 /* LaunchScreen.storyboard */,
				242BE24B1E10C508003EF255 /* Main.storyboard */,
				242BE24D1E10C508003EF255 /* location */,
				242BE24F1E10C508003EF255 /* Info.plist */,
				242BE2501E10C508003EF255 /* station */,
				FC116AD13BEF669711D01874 /* route */,
				FC11622C3486BB8E4B1F1A8D /* snackbar */,
				FC1168F3A5CE27EA0EA26E60 /* BaseViewController.swift */,
			);
			path = encicla;
			sourceTree = "<group>";
		};
		242BE24D1E10C508003EF255 /* location */ = {
			isa = PBXGroup;
			children = (
				242BE24E1E10C508003EF255 /* Location.swift */,
			);
			path = location;
			sourceTree = "<group>";
		};
		242BE2501E10C508003EF255 /* station */ = {
			isa = PBXGroup;
			children = (
				242BE2511E10C508003EF255 /* component */,
				242BE2541E10C508003EF255 /* ui */,
			);
			path = station;
			sourceTree = "<group>";
		};
		242BE2511E10C508003EF255 /* component */ = {
			isa = PBXGroup;
			children = (
				242BE2521E10C508003EF255 /* Stations.swift */,
				242BE2531E10C508003EF255 /* StationsAPI.swift */,
			);
			path = component;
			sourceTree = "<group>";
		};
		242BE2541E10C508003EF255 /* ui */ = {
			isa = PBXGroup;
			children = (
				242BE2551E10C509003EF255 /* StationsMapView.swift */,
				242BE2561E10C509003EF255 /* StationsView.swift */,
				242BE2571E10C509003EF255 /* StationViewCell.swift */,
				242BE2581E10C509003EF255 /* StationViewController.swift */,
				FC1161E78DFE7C3F39204FCF /* style.json */,
				FC1169CB96059AB701234C1E /* LoadingView.swift */,
			);
			path = ui;
			sourceTree = "<group>";
		};
		24D2E3711E074ED500C7B8AF = {
			isa = PBXGroup;
			children = (
				242BE2461E10C508003EF255 /* encicla */,
				24D2E37B1E074ED500C7B8AF /* Products */,
				0769667B039511974C853503 /* Pods */,
				19E782960F5978AC4F9E0551 /* Frameworks */,
			);
			sourceTree = "<group>";
		};
		24D2E37B1E074ED500C7B8AF /* Products */ = {
			isa = PBXGroup;
			children = (
				24D2E37A1E074ED500C7B8AF /* encicla.app */,
			);
			name = Products;
			sourceTree = "<group>";
		};
		FC11622C3486BB8E4B1F1A8D /* snackbar */ = {
			isa = PBXGroup;
			children = (
				FC1164E6753CF779248219A4 /* Snackbar.swift */,
			);
			path = snackbar;
			sourceTree = "<group>";
		};
		FC116AD13BEF669711D01874 /* route */ = {
			isa = PBXGroup;
			children = (
				FC116B5590188E340E9283C4 /* RouteApi.swift */,
			);
			path = route;
			sourceTree = "<group>";
		};
/* End PBXGroup section */

/* Begin PBXNativeTarget section */
		24D2E3791E074ED500C7B8AF /* encicla */ = {
			isa = PBXNativeTarget;
			buildConfigurationList = 24D2E3A21E074ED500C7B8AF /* Build configuration list for PBXNativeTarget "encicla" */;
			buildPhases = (
				3A91454D53BD46DDAFD2D59E /* [CP] Check Pods Manifest.lock */,
				24D2E3761E074ED500C7B8AF /* Sources */,
				24D2E3771E074ED500C7B8AF /* Frameworks */,
				24D2E3781E074ED500C7B8AF /* Resources */,
				EC0F00A797B75A84A85E54FC /* [CP] Embed Pods Frameworks */,
				2C7A01061298A02E42BB9F47 /* [CP] Copy Pods Resources */,
			);
			buildRules = (
			);
			dependencies = (
			);
			name = encicla;
			productName = encilcla;
			productReference = 24D2E37A1E074ED500C7B8AF /* encicla.app */;
			productType = "com.apple.product-type.application";
		};
/* End PBXNativeTarget section */

/* Begin PBXProject section */
		24D2E3721E074ED500C7B8AF /* Project object */ = {
			isa = PBXProject;
			attributes = {
				LastSwiftUpdateCheck = 0820;
				LastUpgradeCheck = 0820;
				ORGANIZATIONNAME = Iyubinest;
				TargetAttributes = {
					24D2E3791E074ED500C7B8AF = {
						CreatedOnToolsVersion = 7.3.1;
						DevelopmentTeam = 3EUA8SZ453;
						LastSwiftMigration = 0820;
					};
				};
			};
			buildConfigurationList = 24D2E3751E074ED500C7B8AF /* Build configuration list for PBXProject "encicla" */;
			compatibilityVersion = "Xcode 3.2";
			developmentRegion = English;
			hasScannedForEncodings = 0;
			knownRegions = (
				en,
				Base,
			);
			mainGroup = 24D2E3711E074ED500C7B8AF;
			productRefGroup = 24D2E37B1E074ED500C7B8AF /* Products */;
			projectDirPath = "";
			projectRoot = "";
			targets = (
				24D2E3791E074ED500C7B8AF /* encicla */,
			);
		};
/* End PBXProject section */

/* Begin PBXResourcesBuildPhase section */
		24D2E3781E074ED500C7B8AF /* Resources */ = {
			isa = PBXResourcesBuildPhase;
			buildActionMask = 2147483647;
			files = (
				242BE2621E10C509003EF255 /* Main.storyboard in Resources */,
				242BE2601E10C509003EF255 /* Assets.xcassets in Resources */,
				242BE2611E10C509003EF255 /* LaunchScreen.storyboard in Resources */,
				FC11664566DFFCDACA7FC53D /* style.json in Resources */,
			);
			runOnlyForDeploymentPostprocessing = 0;
		};
/* End PBXResourcesBuildPhase section */

/* Begin PBXShellScriptBuildPhase section */
		2C7A01061298A02E42BB9F47 /* [CP] Copy Pods Resources */ = {
			isa = PBXShellScriptBuildPhase;
			buildActionMask = 2147483647;
			files = (
			);
			inputPaths = (
			);
			name = "[CP] Copy Pods Resources";
			outputPaths = (
			);
			runOnlyForDeploymentPostprocessing = 0;
			shellPath = /bin/sh;
			shellScript = "\"${SRCROOT}/Pods/Target Support Files/Pods-encicla/Pods-encicla-resources.sh\"\n";
			showEnvVarsInLog = 0;
		};
		3A91454D53BD46DDAFD2D59E /* [CP] Check Pods Manifest.lock */ = {
			isa = PBXShellScriptBuildPhase;
			buildActionMask = 2147483647;
			files = (
			);
			inputPaths = (
			);
			name = "[CP] Check Pods Manifest.lock";
			outputPaths = (
			);
			runOnlyForDeploymentPostprocessing = 0;
			shellPath = /bin/sh;
			shellScript = "diff \"${PODS_ROOT}/../Podfile.lock\" \"${PODS_ROOT}/Manifest.lock\" > /dev/null\nif [ $? != 0 ] ; then\n    # print error to STDERR\n    echo \"error: The sandbox is not in sync with the Podfile.lock. Run 'pod install' or update your CocoaPods installation.\" >&2\n    exit 1\nfi\n";
			showEnvVarsInLog = 0;
		};
		EC0F00A797B75A84A85E54FC /* [CP] Embed Pods Frameworks */ = {
			isa = PBXShellScriptBuildPhase;
			buildActionMask = 2147483647;
			files = (
			);
			inputPaths = (
			);
			name = "[CP] Embed Pods Frameworks";
			outputPaths = (
			);
			runOnlyForDeploymentPostprocessing = 0;
			shellPath = /bin/sh;
			shellScript = "\"${SRCROOT}/Pods/Target Support Files/Pods-encicla/Pods-encicla-frameworks.sh\"\n";
			showEnvVarsInLog = 0;
		};
/* End PBXShellScriptBuildPhase section */

/* Begin PBXSourcesBuildPhase section */
		24D2E3761E074ED500C7B8AF /* Sources */ = {
			isa = PBXSourcesBuildPhase;
			buildActionMask = 2147483647;
			files = (
				242BE2671E10C509003EF255 /* StationsMapView.swift in Sources */,
				242BE2631E10C509003EF255 /* Location.swift in Sources */,
				242BE2691E10C509003EF255 /* StationViewCell.swift in Sources */,
				242BE25F1E10C509003EF255 /* AppDelegate.swift in Sources */,
				242BE2651E10C509003EF255 /* Stations.swift in Sources */,
				242BE2661E10C509003EF255 /* StationsAPI.swift in Sources */,
				242BE2681E10C509003EF255 /* StationsView.swift in Sources */,
				242BE26A1E10C509003EF255 /* StationViewController.swift in Sources */,
				FC1165FFBB4DE174676DFB89 /* LoadingView.swift in Sources */,
				FC1169447E1C19AB0B97DFF5 /* RouteApi.swift in Sources */,
				FC116EE60DC345B3C7CFE405 /* Snackbar.swift in Sources */,
				FC116625A82C37334B3C5E0B /* BaseViewController.swift in Sources */,
			);
			runOnlyForDeploymentPostprocessing = 0;
		};
/* End PBXSourcesBuildPhase section */

/* Begin PBXVariantGroup section */
		242BE2491E10C508003EF255 /* LaunchScreen.storyboard */ = {
			isa = PBXVariantGroup;
			children = (
				242BE24A1E10C508003EF255 /* Base */,
			);
			name = LaunchScreen.storyboard;
			sourceTree = "<group>";
		};
		242BE24B1E10C508003EF255 /* Main.storyboard */ = {
			isa = PBXVariantGroup;
			children = (
				242BE24C1E10C508003EF255 /* Base */,
			);
			name = Main.storyboard;
			sourceTree = "<group>";
		};
/* End PBXVariantGroup section */

/* Begin XCBuildConfiguration section */
		24D2E3A01E074ED500C7B8AF /* Debug */ = {
			isa = XCBuildConfiguration;
			buildSettings = {
				ALWAYS_SEARCH_USER_PATHS = NO;
				CLANG_ANALYZER_NONNULL = YES;
				CLANG_CXX_LANGUAGE_STANDARD = "gnu++0x";
				CLANG_CXX_LIBRARY = "libc++";
				CLANG_ENABLE_MODULES = YES;
				CLANG_ENABLE_OBJC_ARC = YES;
				CLANG_WARN_BOOL_CONVERSION = YES;
				CLANG_WARN_CONSTANT_CONVERSION = YES;
				CLANG_WARN_DIRECT_OBJC_ISA_USAGE = YES_ERROR;
				CLANG_WARN_EMPTY_BODY = YES;
				CLANG_WARN_ENUM_CONVERSION = YES;
				CLANG_WARN_INFINITE_RECURSION = YES;
				CLANG_WARN_INT_CONVERSION = YES;
				CLANG_WARN_OBJC_ROOT_CLASS = YES_ERROR;
				CLANG_WARN_SUSPICIOUS_MOVE = YES;
				CLANG_WARN_UNREACHABLE_CODE = YES;
				CLANG_WARN__DUPLICATE_METHOD_MATCH = YES;
				"CODE_SIGN_IDENTITY[sdk=iphoneos*]" = "iPhone Developer";
				COPY_PHASE_STRIP = NO;
				DEBUG_INFORMATION_FORMAT = dwarf;
				DEVELOPMENT_TEAM = 3EUA8SZ453;
				ENABLE_STRICT_OBJC_MSGSEND = YES;
				ENABLE_TESTABILITY = YES;
				GCC_C_LANGUAGE_STANDARD = gnu99;
				GCC_DYNAMIC_NO_PIC = NO;
				GCC_NO_COMMON_BLOCKS = YES;
				GCC_OPTIMIZATION_LEVEL = 0;
				GCC_PREPROCESSOR_DEFINITIONS = (
					"DEBUG=1",
					"$(inherited)",
				);
				GCC_WARN_64_TO_32_BIT_CONVERSION = YES;
				GCC_WARN_ABOUT_RETURN_TYPE = YES_ERROR;
				GCC_WARN_UNDECLARED_SELECTOR = YES;
				GCC_WARN_UNINITIALIZED_AUTOS = YES_AGGRESSIVE;
				GCC_WARN_UNUSED_FUNCTION = YES;
				GCC_WARN_UNUSED_VARIABLE = YES;
				IPHONEOS_DEPLOYMENT_TARGET = 9.3;
				MTL_ENABLE_DEBUG_INFO = YES;
				ONLY_ACTIVE_ARCH = YES;
				SDKROOT = iphoneos;
				SWIFT_OPTIMIZATION_LEVEL = "-Onone";
			};
			name = Debug;
		};
		24D2E3A11E074ED500C7B8AF /* Release */ = {
			isa = XCBuildConfiguration;
			buildSettings = {
				ALWAYS_SEARCH_USER_PATHS = NO;
				CLANG_ANALYZER_NONNULL = YES;
				CLANG_CXX_LANGUAGE_STANDARD = "gnu++0x";
				CLANG_CXX_LIBRARY = "libc++";
				CLANG_ENABLE_MODULES = YES;
				CLANG_ENABLE_OBJC_ARC = YES;
				CLANG_WARN_BOOL_CONVERSION = YES;
				CLANG_WARN_CONSTANT_CONVERSION = YES;
				CLANG_WARN_DIRECT_OBJC_ISA_USAGE = YES_ERROR;
				CLANG_WARN_EMPTY_BODY = YES;
				CLANG_WARN_ENUM_CONVERSION = YES;
				CLANG_WARN_INFINITE_RECURSION = YES;
				CLANG_WARN_INT_CONVERSION = YES;
				CLANG_WARN_OBJC_ROOT_CLASS = YES_ERROR;
				CLANG_WARN_SUSPICIOUS_MOVE = YES;
				CLANG_WARN_UNREACHABLE_CODE = YES;
				CLANG_WARN__DUPLICATE_METHOD_MATCH = YES;
				"CODE_SIGN_IDENTITY[sdk=iphoneos*]" = "iPhone Developer";
				COPY_PHASE_STRIP = NO;
				DEBUG_INFORMATION_FORMAT = "dwarf-with-dsym";
				DEVELOPMENT_TEAM = 3EUA8SZ453;
				ENABLE_NS_ASSERTIONS = NO;
				ENABLE_STRICT_OBJC_MSGSEND = YES;
				GCC_C_LANGUAGE_STANDARD = gnu99;
				GCC_NO_COMMON_BLOCKS = YES;
				GCC_WARN_64_TO_32_BIT_CONVERSION = YES;
				GCC_WARN_ABOUT_RETURN_TYPE = YES_ERROR;
				GCC_WARN_UNDECLARED_SELECTOR = YES;
				GCC_WARN_UNINITIALIZED_AUTOS = YES_AGGRESSIVE;
				GCC_WARN_UNUSED_FUNCTION = YES;
				GCC_WARN_UNUSED_VARIABLE = YES;
				IPHONEOS_DEPLOYMENT_TARGET = 9.3;
				MTL_ENABLE_DEBUG_INFO = NO;
				SDKROOT = iphoneos;
				SWIFT_OPTIMIZATION_LEVEL = "-Owholemodule";
				VALIDATE_PRODUCT = YES;
			};
			name = Release;
		};
		24D2E3A31E074ED500C7B8AF /* Debug */ = {
			isa = XCBuildConfiguration;
			baseConfigurationReference = 6E47E216F30E8B682D2228DE /* Pods-encicla.debug.xcconfig */;
			buildSettings = {
				ALWAYS_EMBED_SWIFT_STANDARD_LIBRARIES = YES;
				ASSETCATALOG_COMPILER_APPICON_NAME = AppIcon;
				INFOPLIST_FILE = encicla/Info.plist;
				LD_RUNPATH_SEARCH_PATHS = "$(inherited) @executable_path/Frameworks";
				PRODUCT_BUNDLE_IDENTIFIER = co.iyubinest.encicla;
				PRODUCT_NAME = "$(TARGET_NAME)";
				SWIFT_VERSION = 3.0;
			};
			name = Debug;
		};
		24D2E3A41E074ED500C7B8AF /* Release */ = {
			isa = XCBuildConfiguration;
			baseConfigurationReference = 76AD2EC4E17B754AFFE6FD50 /* Pods-encicla.release.xcconfig */;
			buildSettings = {
				ALWAYS_EMBED_SWIFT_STANDARD_LIBRARIES = YES;
				ASSETCATALOG_COMPILER_APPICON_NAME = AppIcon;
				INFOPLIST_FILE = encicla/Info.plist;
				LD_RUNPATH_SEARCH_PATHS = "$(inherited) @executable_path/Frameworks";
				PRODUCT_BUNDLE_IDENTIFIER = co.iyubinest.encicla;
				PRODUCT_NAME = "$(TARGET_NAME)";
				SWIFT_VERSION = 3.0;
			};
			name = Release;
		};
/* End XCBuildConfiguration section */

/* Begin XCConfigurationList section */
		24D2E3751E074ED500C7B8AF /* Build configuration list for PBXProject "encicla" */ = {
			isa = XCConfigurationList;
			buildConfigurations = (
				24D2E3A01E074ED500C7B8AF /* Debug */,
				24D2E3A11E074ED500C7B8AF /* Release */,
			);
			defaultConfigurationIsVisible = 0;
			defaultConfigurationName = Release;
		};
		24D2E3A21E074ED500C7B8AF /* Build configuration list for PBXNativeTarget "encicla" */ = {
			isa = XCConfigurationList;
			buildConfigurations = (
				24D2E3A31E074ED500C7B8AF /* Debug */,
				24D2E3A41E074ED500C7B8AF /* Release */,
			);
			defaultConfigurationIsVisible = 0;
			defaultConfigurationName = Release;
		};
/* End XCConfigurationList section */
	};
	rootObject = 24D2E3721E074ED500C7B8AF /* Project object */;
}
